
Microsoft Visual Studio Solution File, Format Version 12.00
# Visual Studio Version 17
VisualStudioVersion = 17.11.35312.102
MinimumVisualStudioVersion = 10.0.40219.1
Project("{FAE04EC0-301F-11D3-BF4B-00C04F79EFBC}") = "SpeedyAirProj", "SpeedyAirProj\SpeedyAirProj.csproj", "{293B56CA-4111-449C-AF8E-D32B902CF54B}"
EndProject
Project("{FAE04EC0-301F-11D3-BF4B-00C04F79EFBC}") = "UserStories", "UserStories\UserStories.csproj", "{3984A80D-88C5-4AA2-BB9C-4A6B8C08243D}"
EndProject
Global
	GlobalSection(SolutionConfigurationPlatforms) = preSolution
		Debug|Any CPU = Debug|Any CPU
		Release|Any CPU = Release|Any CPU
	EndGlobalSection
	GlobalSection(ProjectConfigurationPlatforms) = postSolution
		{293B56CA-4111-449C-AF8E-D32B902CF54B}.Debug|Any CPU.ActiveCfg = Debug|Any CPU
		{293B56CA-4111-449C-AF8E-D32B902CF54B}.Debug|Any CPU.Build.0 = Debug|Any CPU
		{293B56CA-4111-449C-AF8E-D32B902CF54B}.Release|Any CPU.ActiveCfg = Release|Any CPU
		{293B56CA-4111-449C-AF8E-D32B902CF54B}.Release|Any CPU.Build.0 = Release|Any CPU
		{3984A80D-88C5-4AA2-BB9C-4A6B8C08243D}.Debug|Any CPU.ActiveCfg = Debug|Any CPU
		{3984A80D-88C5-4AA2-BB9C-4A6B8C08243D}.Debug|Any CPU.Build.0 = Debug|Any CPU
		{3984A80D-88C5-4AA2-BB9C-4A6B8C08243D}.Release|Any CPU.ActiveCfg = Release|Any CPU
		{3984A80D-88C5-4AA2-BB9C-4A6B8C08243D}.Release|Any CPU.Build.0 = Release|Any CPU
	EndGlobalSection
	GlobalSection(SolutionProperties) = preSolution
		HideSolutionNode = FALSE
	EndGlobalSection
	GlobalSection(ExtensibilityGlobals) = postSolution
		SolutionGuid = {3110F312-E480-433D-9910-B1426BD7D693}
	EndGlobalSection
EndGlobal
